
Microsoft Visual Studio Solution File, Format Version 12.00
# Visual Studio 15
VisualStudioVersion = 15.0.27130.2024
MinimumVisualStudioVersion = 10.0.40219.1
Project("{FAE04EC0-301F-11D3-BF4B-00C04F79EFBC}") = "MVC5", "MVC5\MVC5.csproj", "{E179F5A0-22E7-43A4-924B-99557479D7D8}"
EndProject
Global
	GlobalSection(SolutionConfigurationPlatforms) = preSolution
		Debug|Any CPU = Debug|Any CPU
		Release|Any CPU = Release|Any CPU
	EndGlobalSection
	GlobalSection(ProjectConfigurationPlatforms) = postSolution
		{E179F5A0-22E7-43A4-924B-99557479D7D8}.Debug|Any CPU.ActiveCfg = Debug|Any CPU
		{E179F5A0-22E7-43A4-924B-99557479D7D8}.Debug|Any CPU.Build.0 = Debug|Any CPU
		{E179F5A0-22E7-43A4-924B-99557479D7D8}.Release|Any CPU.ActiveCfg = Release|Any CPU
		{E179F5A0-22E7-43A4-924B-99557479D7D8}.Release|Any CPU.Build.0 = Release|Any CPU
	EndGlobalSection
	GlobalSection(SolutionProperties) = preSolution
		HideSolutionNode = FALSE
	EndGlobalSection
	GlobalSection(ExtensibilityGlobals) = postSolution
		SolutionGuid = {EC7F53D0-FBEC-40A2-A44E-9697557CB6EC}
	EndGlobalSection
EndGlobal
